
Microsoft Visual Studio Solution File, Format Version 12.00
# Visual Studio Version 16
VisualStudioVersion = 25.0.1704.2
MinimumVisualStudioVersion = 10.0.40219.1
Project("{FAE04EC0-301F-11D3-BF4B-00C04F79EFBC}") = "NeuronalesNetz", "NeuronalesNetz.csproj", "{FAF57AF1-3A3B-4436-82F1-AC8F4A63E302}"
EndProject
Global
	GlobalSection(SolutionConfigurationPlatforms) = preSolution
		Debug|Any CPU = Debug|Any CPU
		Release|Any CPU = Release|Any CPU
	EndGlobalSection
	GlobalSection(ProjectConfigurationPlatforms) = postSolution
		{FAF57AF1-3A3B-4436-82F1-AC8F4A63E302}.Debug|Any CPU.ActiveCfg = Debug|Any CPU
		{FAF57AF1-3A3B-4436-82F1-AC8F4A63E302}.Debug|Any CPU.Build.0 = Debug|Any CPU
		{FAF57AF1-3A3B-4436-82F1-AC8F4A63E302}.Release|Any CPU.ActiveCfg = Release|Any CPU
		{FAF57AF1-3A3B-4436-82F1-AC8F4A63E302}.Release|Any CPU.Build.0 = Release|Any CPU
	EndGlobalSection
	GlobalSection(SolutionProperties) = preSolution
		HideSolutionNode = FALSE
	EndGlobalSection
	GlobalSection(ExtensibilityGlobals) = postSolution
		SolutionGuid = {C38A2630-E797-4CDD-A189-06E39D2B7448}
	EndGlobalSection
EndGlobal
